{
  "requires": true,
  "lockfileVersion": 1,
  "dependencies": {
    "threejs-object-controls": {
      "version": "1.2.8",
      "resolved": "https://registry.npmjs.org/threejs-object-controls/-/threejs-object-controls-1.2.8.tgz",
      "integrity": "sha512-FGJUyEhprq6uOU6qOI25Kp627MkpQnMUr3TktMkJAcXr4Pt/ZT/8+B1SCWRbLvR+dnXnM3GC6YT5rxm2ybsyAQ=="
    },
    "tweenjs": {
      "version": "1.0.2",
      "resolved": "https://registry.npmjs.org/tweenjs/-/tweenjs-1.0.2.tgz",
      "integrity": "sha512-WnFozCNkUkmJtLqJyGrToxVojW2Srzudktr8BzFKQijQRVcmlq7Fc+qfo75ccnwIJGiRWbXKfg7qU67Tzbb1bg=="
    }
  }
}
