{
  "requires": true,
  "lockfileVersion": 1,
  "dependencies": {
    "three": {
      "version": "0.142.0",
      "resolved": "https://registry.npmjs.org/three/-/three-0.142.0.tgz",
      "integrity": "sha512-ESjPO+3geFr+ZUfVMpMnF/eVU2uJPOh0e2ZpMFqjNca1wApS9lJb7E4MjwGIczgt9iuKd8PEm6Pfgp2bJ92Xtg=="
    },
    "three-mesh-ui": {
      "version": "6.4.4",
      "resolved": "https://registry.npmjs.org/three-mesh-ui/-/three-mesh-ui-6.4.4.tgz",
      "integrity": "sha512-Inzndir7UUQTl7U7isPMQa2H0jCv2G7RgcX3HVMoF5PSrbStAzayLtI6P9tK9rEkcQdehQfGHwpZVxghhuS77Q=="
    }
  }
}
